
Microsoft Visual Studio Solution File, Format Version 12.00
# Visual Studio Version 16
VisualStudioVersion = 16.0.31727.386
MinimumVisualStudioVersion = 10.0.40219.1
Project("{2150E333-8FDC-42A3-9474-1A3956D46DE8}") = "API", "API", "{200D195A-9415-4129-96BA-ACB16DDA900F}"
EndProject
Project("{FAE04EC0-301F-11D3-BF4B-00C04F79EFBC}") = "API", "API\API.csproj", "{4D3D187E-21A7-41E6-A42D-DCDE6462CC9C}"
EndProject
Project("{2150E333-8FDC-42A3-9474-1A3956D46DE8}") = "APPLICATION", "APPLICATION", "{91D76D81-44FB-466F-BF2C-6AECF5AFFE80}"
EndProject
Project("{FAE04EC0-301F-11D3-BF4B-00C04F79EFBC}") = "APPLICATION", "APPLICATION\APPLICATION.csproj", "{22777E83-47BA-44D9-AE31-E683B54935FA}"
EndProject
Project("{2150E333-8FDC-42A3-9474-1A3956D46DE8}") = "DOMAIN", "DOMAIN", "{FF7B55D9-8A10-47D0-9E8A-730FAFF7A3ED}"
EndProject
Project("{FAE04EC0-301F-11D3-BF4B-00C04F79EFBC}") = "DOMAIN", "DOMAIN\DOMAIN.csproj", "{20C8B848-8E8E-4DB4-8592-5CB222B6EF21}"
EndProject
Project("{2150E333-8FDC-42A3-9474-1A3956D46DE8}") = "PERSISTANCE", "PERSISTANCE", "{28E5A2BC-7DDF-439E-B483-8B10D7854655}"
EndProject
Project("{FAE04EC0-301F-11D3-BF4B-00C04F79EFBC}") = "PERSISTANCE", "PERSISTANCE\PERSISTANCE.csproj", "{4879753B-2ABB-4952-AEEC-7F486D61146B}"
EndProject
Global
	GlobalSection(SolutionConfigurationPlatforms) = preSolution
		Debug|Any CPU = Debug|Any CPU
		Release|Any CPU = Release|Any CPU
	EndGlobalSection
	GlobalSection(ProjectConfigurationPlatforms) = postSolution
		{4D3D187E-21A7-41E6-A42D-DCDE6462CC9C}.Debug|Any CPU.ActiveCfg = Debug|Any CPU
		{4D3D187E-21A7-41E6-A42D-DCDE6462CC9C}.Debug|Any CPU.Build.0 = Debug|Any CPU
		{4D3D187E-21A7-41E6-A42D-DCDE6462CC9C}.Release|Any CPU.ActiveCfg = Release|Any CPU
		{4D3D187E-21A7-41E6-A42D-DCDE6462CC9C}.Release|Any CPU.Build.0 = Release|Any CPU
		{22777E83-47BA-44D9-AE31-E683B54935FA}.Debug|Any CPU.ActiveCfg = Debug|Any CPU
		{22777E83-47BA-44D9-AE31-E683B54935FA}.Debug|Any CPU.Build.0 = Debug|Any CPU
		{22777E83-47BA-44D9-AE31-E683B54935FA}.Release|Any CPU.ActiveCfg = Release|Any CPU
		{22777E83-47BA-44D9-AE31-E683B54935FA}.Release|Any CPU.Build.0 = Release|Any CPU
		{20C8B848-8E8E-4DB4-8592-5CB222B6EF21}.Debug|Any CPU.ActiveCfg = Debug|Any CPU
		{20C8B848-8E8E-4DB4-8592-5CB222B6EF21}.Debug|Any CPU.Build.0 = Debug|Any CPU
		{20C8B848-8E8E-4DB4-8592-5CB222B6EF21}.Release|Any CPU.ActiveCfg = Release|Any CPU
		{20C8B848-8E8E-4DB4-8592-5CB222B6EF21}.Release|Any CPU.Build.0 = Release|Any CPU
		{4879753B-2ABB-4952-AEEC-7F486D61146B}.Debug|Any CPU.ActiveCfg = Debug|Any CPU
		{4879753B-2ABB-4952-AEEC-7F486D61146B}.Debug|Any CPU.Build.0 = Debug|Any CPU
		{4879753B-2ABB-4952-AEEC-7F486D61146B}.Release|Any CPU.ActiveCfg = Release|Any CPU
		{4879753B-2ABB-4952-AEEC-7F486D61146B}.Release|Any CPU.Build.0 = Release|Any CPU
	EndGlobalSection
	GlobalSection(SolutionProperties) = preSolution
		HideSolutionNode = FALSE
	EndGlobalSection
	GlobalSection(NestedProjects) = preSolution
		{4D3D187E-21A7-41E6-A42D-DCDE6462CC9C} = {200D195A-9415-4129-96BA-ACB16DDA900F}
		{22777E83-47BA-44D9-AE31-E683B54935FA} = {91D76D81-44FB-466F-BF2C-6AECF5AFFE80}
		{20C8B848-8E8E-4DB4-8592-5CB222B6EF21} = {FF7B55D9-8A10-47D0-9E8A-730FAFF7A3ED}
		{4879753B-2ABB-4952-AEEC-7F486D61146B} = {28E5A2BC-7DDF-439E-B483-8B10D7854655}
	EndGlobalSection
	GlobalSection(ExtensibilityGlobals) = postSolution
		SolutionGuid = {27655D71-D185-42C3-B7F5-E5B1B3346A00}
	EndGlobalSection
EndGlobal
